
Microsoft Visual Studio Solution File, Format Version 10.00
# Visual Studio 2008
Project("{00000000-0000-0000-0000-000000000000}") = "DBNL.App", "DBNL.App\DBNL.App.csproj", "{393C20C2-D611-41C3-B449-EC4595E716EC}"
EndProject
Global
	GlobalSection(SolutionConfigurationPlatforms) = preSolution
		Debug|Any CPU = Debug|Any CPU
		Release|Any CPU = Release|Any CPU
	EndGlobalSection
	GlobalSection(ProjectConfigurationPlatforms) = postSolution
		{393C20C2-D611-41C3-B449-EC4595E716EC}.Debug|Any CPU.ActiveCfg = Debug|Any CPU
		{393C20C2-D611-41C3-B449-EC4595E716EC}.Debug|Any CPU.Build.0 = Debug|Any CPU
		{393C20C2-D611-41C3-B449-EC4595E716EC}.Release|Any CPU.ActiveCfg = Release|Any CPU
		{393C20C2-D611-41C3-B449-EC4595E716EC}.Release|Any CPU.Build.0 = Release|Any CPU
	EndGlobalSection
	GlobalSection(SolutionProperties) = preSolution
		HideSolutionNode = FALSE
	EndGlobalSection
EndGlobal
